
Microsoft Visual Studio Solution File, Format Version 12.00
# Visual Studio 2013
VisualStudioVersion = 12.0.40629.0
MinimumVisualStudioVersion = 10.0.40219.1
Project("{FAE04EC0-301F-11D3-BF4B-00C04F79EFBC}") = "RestaurantPro", "RestaurantPro\RestaurantPro.csproj", "{8DBD8F0F-A546-4307-867F-4E08CF8ADBD2}"
EndProject
Project("{2150E333-8FDC-42A3-9474-1A3956D46DE8}") = ".nuget", ".nuget", "{291DA730-E8A1-4589-A735-C6B4F90A79D0}"
	ProjectSection(SolutionItems) = preProject
		.nuget\packages.config = .nuget\packages.config
	EndProjectSection
EndProject
Project("{FAE04EC0-301F-11D3-BF4B-00C04F79EFBC}") = "RestaurantPro.Core", "RestaurantPro.Core\RestaurantPro.Core.csproj", "{85FEB505-D0A9-4253-83F1-9F78FD3334DE}"
EndProject
Project("{FAE04EC0-301F-11D3-BF4B-00C04F79EFBC}") = "RestaurantPro.UnitTests", "RestaurantPro.UnitTests\RestaurantPro.UnitTests.csproj", "{BAA08931-DCE4-4719-9717-D74F44F08C01}"
EndProject
Project("{FAE04EC0-301F-11D3-BF4B-00C04F79EFBC}") = "RestaurantPro.Infrastructure", "RestaurantPro.Infrastructure\RestaurantPro.Infrastructure.csproj", "{08B93852-EB08-4BFC-B1B4-2E8CD7C86273}"
EndProject
Project("{FAE04EC0-301F-11D3-BF4B-00C04F79EFBC}") = "RestaurantPro.Infrastructure.UnitTests", "RestaurantPro.Infrastructure.UnitTests\RestaurantPro.Infrastructure.UnitTests.csproj", "{19F7CF4E-F91D-43ED-89D2-C0466A2B60F4}"
EndProject
Project("{FAE04EC0-301F-11D3-BF4B-00C04F79EFBC}") = "QuickTester", "QuickTester\QuickTester.csproj", "{0DC42AA1-074C-4021-81DC-EDF422AB5122}"
EndProject
Global
	GlobalSection(SolutionConfigurationPlatforms) = preSolution
		Debug|Any CPU = Debug|Any CPU
		Release|Any CPU = Release|Any CPU
	EndGlobalSection
	GlobalSection(ProjectConfigurationPlatforms) = postSolution
		{8DBD8F0F-A546-4307-867F-4E08CF8ADBD2}.Debug|Any CPU.ActiveCfg = Debug|Any CPU
		{8DBD8F0F-A546-4307-867F-4E08CF8ADBD2}.Debug|Any CPU.Build.0 = Debug|Any CPU
		{8DBD8F0F-A546-4307-867F-4E08CF8ADBD2}.Release|Any CPU.ActiveCfg = Release|Any CPU
		{8DBD8F0F-A546-4307-867F-4E08CF8ADBD2}.Release|Any CPU.Build.0 = Release|Any CPU
		{85FEB505-D0A9-4253-83F1-9F78FD3334DE}.Debug|Any CPU.ActiveCfg = Debug|Any CPU
		{85FEB505-D0A9-4253-83F1-9F78FD3334DE}.Debug|Any CPU.Build.0 = Debug|Any CPU
		{85FEB505-D0A9-4253-83F1-9F78FD3334DE}.Release|Any CPU.ActiveCfg = Release|Any CPU
		{85FEB505-D0A9-4253-83F1-9F78FD3334DE}.Release|Any CPU.Build.0 = Release|Any CPU
		{BAA08931-DCE4-4719-9717-D74F44F08C01}.Debug|Any CPU.ActiveCfg = Debug|Any CPU
		{BAA08931-DCE4-4719-9717-D74F44F08C01}.Debug|Any CPU.Build.0 = Debug|Any CPU
		{BAA08931-DCE4-4719-9717-D74F44F08C01}.Release|Any CPU.ActiveCfg = Release|Any CPU
		{BAA08931-DCE4-4719-9717-D74F44F08C01}.Release|Any CPU.Build.0 = Release|Any CPU
		{08B93852-EB08-4BFC-B1B4-2E8CD7C86273}.Debug|Any CPU.ActiveCfg = Debug|Any CPU
		{08B93852-EB08-4BFC-B1B4-2E8CD7C86273}.Debug|Any CPU.Build.0 = Debug|Any CPU
		{08B93852-EB08-4BFC-B1B4-2E8CD7C86273}.Release|Any CPU.ActiveCfg = Release|Any CPU
		{08B93852-EB08-4BFC-B1B4-2E8CD7C86273}.Release|Any CPU.Build.0 = Release|Any CPU
		{19F7CF4E-F91D-43ED-89D2-C0466A2B60F4}.Debug|Any CPU.ActiveCfg = Debug|Any CPU
		{19F7CF4E-F91D-43ED-89D2-C0466A2B60F4}.Debug|Any CPU.Build.0 = Debug|Any CPU
		{19F7CF4E-F91D-43ED-89D2-C0466A2B60F4}.Release|Any CPU.ActiveCfg = Release|Any CPU
		{19F7CF4E-F91D-43ED-89D2-C0466A2B60F4}.Release|Any CPU.Build.0 = Release|Any CPU
		{0DC42AA1-074C-4021-81DC-EDF422AB5122}.Debug|Any CPU.ActiveCfg = Debug|Any CPU
		{0DC42AA1-074C-4021-81DC-EDF422AB5122}.Debug|Any CPU.Build.0 = Debug|Any CPU
		{0DC42AA1-074C-4021-81DC-EDF422AB5122}.Release|Any CPU.ActiveCfg = Release|Any CPU
		{0DC42AA1-074C-4021-81DC-EDF422AB5122}.Release|Any CPU.Build.0 = Release|Any CPU
	EndGlobalSection
	GlobalSection(SolutionProperties) = preSolution
		HideSolutionNode = FALSE
	EndGlobalSection
EndGlobal
